{
  "requires": true,
  "lockfileVersion": 1,
  "dependencies": {
    "@babel/runtime": {
      "version": "7.12.1",
      "resolved": "https://registry.npmjs.org/@babel/runtime/-/runtime-7.12.1.tgz",
      "integrity": "sha512-J5AIf3vPj3UwXaAzb5j1xM4WAQDX3EMgemF8rjCP3SoW09LfRKAXQKt6CoVYl230P6iWdRcBbnLDDdnqWxZSCA==",
      "requires": {
        "regenerator-runtime": "^0.13.4"
      }
    },
    "async_hooks": {
      "version": "1.0.0",
      "resolved": "https://registry.npmjs.org/async_hooks/-/async_hooks-1.0.0.tgz",
      "integrity": "sha1-gV9ehh/nP2TrKf2ULDLpXIBkBS8="
    },
    "base64-js": {
      "version": "1.3.1",
      "resolved": "https://registry.npmjs.org/base64-js/-/base64-js-1.3.1.tgz",
      "integrity": "sha512-mLQ4i2QO1ytvGWFWmcngKO//JXAQueZvwEKtjgQFM4jIK0kU+ytMfplL8j+n5mspOfjHwoAg+9yhb7BwAHm36g=="
    },
    "camaro": {
      "version": "6.0.4",
      "resolved": "https://registry.npmjs.org/camaro/-/camaro-6.0.4.tgz",
      "integrity": "sha512-A8kkwqbg5nw0KErrr3yDuLD2+C7WIP7a1TfklRdYbmb6ss5rxlvzyLXKbBNtC3EJaOXYPEFr4SXYp74jcfULIw==",
      "requires": {
        "piscina": "^1.6.3"
      }
    },
    "eventemitter-asyncresource": {
      "version": "1.0.0",
      "resolved": "https://registry.npmjs.org/eventemitter-asyncresource/-/eventemitter-asyncresource-1.0.0.tgz",
      "integrity": "sha512-39F7TBIV0G7gTelxwbEqnwhp90eqCPON1k0NwNfwhgKn4Co4ybUbj2pECcXT0B3ztRKZ7Pw1JujUUgmQJHcVAQ=="
    },
    "hdr-histogram-js": {
      "version": "1.2.0",
      "resolved": "https://registry.npmjs.org/hdr-histogram-js/-/hdr-histogram-js-1.2.0.tgz",
      "integrity": "sha512-h0YToJ3ewqsaZ3nFTTa6dLOD7sqx+EgdC4+OcJ9Ou7zZDlT0sXSPHHr3cyenQsPqqbVHGn/oFY6zjfEKXGvzmQ==",
      "requires": {
        "base64-js": "^1.2.0",
        "pako": "^1.0.3"
      }
    },
    "hdr-histogram-percentiles-obj": {
      "version": "2.0.1",
      "resolved": "https://registry.npmjs.org/hdr-histogram-percentiles-obj/-/hdr-histogram-percentiles-obj-2.0.1.tgz",
      "integrity": "sha512-QBvbTxPlGwHj36IRF16XLoYEbUv5YEyO385kiS0IS3831fcSTNXTR785VtFFZ2ahY733z0ky8Jv4d6In+Ss+wQ==",
      "requires": {
        "hdr-histogram-js": "^1.0.0"
      }
    },
    "history": {
      "version": "4.10.1",
      "resolved": "https://registry.npmjs.org/history/-/history-4.10.1.tgz",
      "integrity": "sha512-36nwAD620w12kuzPAsyINPWJqlNbij+hpK1k9XRloDtym8mxzGYl2c17LnV6IAGB2Dmg4tEa7G7DlawS0+qjew==",
      "requires": {
        "@babel/runtime": "^7.1.2",
        "loose-envify": "^1.2.0",
        "resolve-pathname": "^3.0.0",
        "tiny-invariant": "^1.0.2",
        "tiny-warning": "^1.0.0",
        "value-equal": "^1.0.1"
      }
    },
    "hoist-non-react-statics": {
      "version": "3.3.2",
      "resolved": "https://registry.npmjs.org/hoist-non-react-statics/-/hoist-non-react-statics-3.3.2.tgz",
      "integrity": "sha512-/gGivxi8JPKWNm/W0jSmzcMPpfpPLc3dY/6GxhX2hQ9iGj3aDfklV4ET7NjKpSinLpJ5vafa9iiGIEZg10SfBw==",
      "requires": {
        "react-is": "^16.7.0"
      }
    },
    "isarray": {
      "version": "0.0.1",
      "resolved": "https://registry.npmjs.org/isarray/-/isarray-0.0.1.tgz",
      "integrity": "sha1-ihis/Kmo9Bd+Cav8YDiTmwXR7t8="
    },
    "js-tokens": {
      "version": "4.0.0",
      "resolved": "https://registry.npmjs.org/js-tokens/-/js-tokens-4.0.0.tgz",
      "integrity": "sha512-RdJUflcE3cUzKiMqQgsCu06FPu9UdIJO0beYbPhHN4k6apgJtifcoCtT9bcxOpYBtpD2kCM6Sbzg4CausW/PKQ=="
    },
    "loose-envify": {
      "version": "1.4.0",
      "resolved": "https://registry.npmjs.org/loose-envify/-/loose-envify-1.4.0.tgz",
      "integrity": "sha512-lyuxPGr/Wfhrlem2CL/UcnUc1zcqKAImBDzukY7Y5F/yQiNdko6+fRLevlw1HgMySw7f611UIY408EtxRSoK3Q==",
      "requires": {
        "js-tokens": "^3.0.0 || ^4.0.0"
      }
    },
    "mini-create-react-context": {
      "version": "0.4.0",
      "resolved": "https://registry.npmjs.org/mini-create-react-context/-/mini-create-react-context-0.4.0.tgz",
      "integrity": "sha512-b0TytUgFSbgFJGzJqXPKCFCBWigAjpjo+Fl7Vf7ZbKRDptszpppKxXH6DRXEABZ/gcEQczeb0iZ7JvL8e8jjCA==",
      "requires": {
        "@babel/runtime": "^7.5.5",
        "tiny-warning": "^1.0.3"
      }
    },
    "nice-napi": {
      "version": "1.0.2",
      "resolved": "https://registry.npmjs.org/nice-napi/-/nice-napi-1.0.2.tgz",
      "integrity": "sha512-px/KnJAJZf5RuBGcfD+Sp2pAKq0ytz8j+1NehvgIGFkvtvFrDM3T8E4x/JJODXK9WZow8RRGrbA9QQ3hs+pDhA==",
      "optional": true,
      "requires": {
        "node-addon-api": "^3.0.0",
        "node-gyp-build": "^4.2.2"
      }
    },
    "node-addon-api": {
      "version": "3.0.2",
      "resolved": "https://registry.npmjs.org/node-addon-api/-/node-addon-api-3.0.2.tgz",
      "integrity": "sha512-+D4s2HCnxPd5PjjI0STKwncjXTUKKqm74MDMz9OPXavjsGmjkvwgLtA5yoxJUdmpj52+2u+RrXgPipahKczMKg=="
    },
    "node-fetch": {
      "version": "2.6.1",
      "resolved": "https://registry.npmjs.org/node-fetch/-/node-fetch-2.6.1.tgz",
      "integrity": "sha512-V4aYg89jEoVRxRb2fJdAg8FHvI7cEyYdVAh94HH0UIK8oJxUfkjlDQN9RbMx+bEjP7+ggMiFRprSti032Oipxw=="
    },
    "node-gyp-build": {
      "version": "4.2.3",
      "resolved": "https://registry.npmjs.org/node-gyp-build/-/node-gyp-build-4.2.3.tgz",
      "integrity": "sha512-MN6ZpzmfNCRM+3t57PTJHgHyw/h4OWnZ6mR8P5j/uZtqQr46RRuDE/P+g3n0YR/AiYXeWixZZzaip77gdICfRg=="
    },
    "object-assign": {
      "version": "4.1.1",
      "resolved": "https://registry.npmjs.org/object-assign/-/object-assign-4.1.1.tgz",
      "integrity": "sha1-IQmtx5ZYh8/AXLvUQsrIv7s2CGM="
    },
    "pako": {
      "version": "1.0.11",
      "resolved": "https://registry.npmjs.org/pako/-/pako-1.0.11.tgz",
      "integrity": "sha512-4hLB8Py4zZce5s4yd9XzopqwVv/yGNhV1Bl8NTmCq1763HeK2+EwVTv+leGeL13Dnh2wfbqowVPXCIO0z4taYw=="
    },
    "path-to-regexp": {
      "version": "1.8.0",
      "resolved": "https://registry.npmjs.org/path-to-regexp/-/path-to-regexp-1.8.0.tgz",
      "integrity": "sha512-n43JRhlUKUAlibEJhPeir1ncUID16QnEjNpwzNdO3Lm4ywrBpBZ5oLD0I6br9evr1Y9JTqwRtAh7JLoOzAQdVA==",
      "requires": {
        "isarray": "0.0.1"
      }
    },
    "piscina": {
      "version": "1.6.3",
      "resolved": "https://registry.npmjs.org/piscina/-/piscina-1.6.3.tgz",
      "integrity": "sha512-I8aoBroMD6cRGYFsW1oN3X5YfJAyuT4pn+P2Tnk8ZYQ134ZqaQ0mjUztm9+NmKKawd0XlTY8wvz6bMxckrJX6g==",
      "requires": {
        "eventemitter-asyncresource": "^1.0.0",
        "hdr-histogram-js": "^1.2.0",
        "hdr-histogram-percentiles-obj": "^2.0.1",
        "nice-napi": "^1.0.2"
      }
    },
    "prop-types": {
      "version": "15.7.2",
      "resolved": "https://registry.npmjs.org/prop-types/-/prop-types-15.7.2.tgz",
      "integrity": "sha512-8QQikdH7//R2vurIJSutZ1smHYTcLpRWEOlHnzcWHmBYrOGUysKwSsrC89BCiFj3CbrfJ/nXFdJepOVrY1GCHQ==",
      "requires": {
        "loose-envify": "^1.4.0",
        "object-assign": "^4.1.1",
        "react-is": "^16.8.1"
      }
    },
    "react-is": {
      "version": "16.13.1",
      "resolved": "https://registry.npmjs.org/react-is/-/react-is-16.13.1.tgz",
      "integrity": "sha512-24e6ynE2H+OKt4kqsOvNd8kBpV65zoxbA4BVsEOB3ARVWQki/DHzaUoC5KuON/BiccDaCCTZBuOcfZs70kR8bQ=="
    },
    "react-router": {
      "version": "5.2.0",
      "resolved": "https://registry.npmjs.org/react-router/-/react-router-5.2.0.tgz",
      "integrity": "sha512-smz1DUuFHRKdcJC0jobGo8cVbhO3x50tCL4icacOlcwDOEQPq4TMqwx3sY1TP+DvtTgz4nm3thuo7A+BK2U0Dw==",
      "requires": {
        "@babel/runtime": "^7.1.2",
        "history": "^4.9.0",
        "hoist-non-react-statics": "^3.1.0",
        "loose-envify": "^1.3.1",
        "mini-create-react-context": "^0.4.0",
        "path-to-regexp": "^1.7.0",
        "prop-types": "^15.6.2",
        "react-is": "^16.6.0",
        "tiny-invariant": "^1.0.2",
        "tiny-warning": "^1.0.0"
      }
    },
    "react-router-dom": {
      "version": "5.2.0",
      "resolved": "https://registry.npmjs.org/react-router-dom/-/react-router-dom-5.2.0.tgz",
      "integrity": "sha512-gxAmfylo2QUjcwxI63RhQ5G85Qqt4voZpUXSEqCwykV0baaOTQDR1f0PmY8AELqIyVc0NEZUj0Gov5lNGcXgsA==",
      "requires": {
        "@babel/runtime": "^7.1.2",
        "history": "^4.9.0",
        "loose-envify": "^1.3.1",
        "prop-types": "^15.6.2",
        "react-router": "5.2.0",
        "tiny-invariant": "^1.0.2",
        "tiny-warning": "^1.0.0"
      }
    },
    "regenerator-runtime": {
      "version": "0.13.7",
      "resolved": "https://registry.npmjs.org/regenerator-runtime/-/regenerator-runtime-0.13.7.tgz",
      "integrity": "sha512-a54FxoJDIr27pgf7IgeQGxmqUNYrcV338lf/6gH456HZ/PhX+5BcwHXG9ajESmwe6WRO0tAzRUrRmNONWgkrew=="
    },
    "resolve-pathname": {
      "version": "3.0.0",
      "resolved": "https://registry.npmjs.org/resolve-pathname/-/resolve-pathname-3.0.0.tgz",
      "integrity": "sha512-C7rARubxI8bXFNB/hqcp/4iUeIXJhJZvFPFPiSPRnhU5UPxzMFIl+2E6yY6c4k9giDJAhtV+enfA+G89N6Csng=="
    },
    "tiny-invariant": {
      "version": "1.1.0",
      "resolved": "https://registry.npmjs.org/tiny-invariant/-/tiny-invariant-1.1.0.tgz",
      "integrity": "sha512-ytxQvrb1cPc9WBEI/HSeYYoGD0kWnGEOR8RY6KomWLBVhqz0RgTwVO9dLrGz7dC+nN9llyI7OKAgRq8Vq4ZBSw=="
    },
    "tiny-warning": {
      "version": "1.0.3",
      "resolved": "https://registry.npmjs.org/tiny-warning/-/tiny-warning-1.0.3.tgz",
      "integrity": "sha512-lBN9zLN/oAf68o3zNXYrdCt1kP8WsiGW8Oo2ka41b2IM5JL/S1CTyX1rW0mb/zSuJun0ZUrDxx4sqvYS2FWzPA=="
    },
    "value-equal": {
      "version": "1.0.1",
      "resolved": "https://registry.npmjs.org/value-equal/-/value-equal-1.0.1.tgz",
      "integrity": "sha512-NOJ6JZCAWr0zlxZt+xqCHNTEKOsrks2HQd4MqhP1qy4z1SkbEP467eNx6TgDKXMvUOb+OENfJCZwM+16n7fRfw=="
    },
    "websoc-api": {
      "version": "1.0.0",
      "resolved": "https://registry.npmjs.org/websoc-api/-/websoc-api-1.0.0.tgz",
      "integrity": "sha512-tufybVgn/HnJLjJMQeMyv11PbisqqQvEdtSgg4fsPZY2mBCMfXUGXVLAElYLt7+ojl9IS4SRYvJ6bTmGKwHpVQ==",
      "requires": {
        "camaro": "^6.0.2",
        "node-fetch": "^2.6.0"
      }
    }
  }
}
